{
  "version": "2",
  "remote": {
    "https://deno.land/std@0.100.0/encoding/hex.ts": "f952e0727bddb3b2fd2e6889d104eacbd62e92091f540ebd6459317a61932d9b",
    "https://deno.land/std@0.148.0/bytes/equals.ts": "3c3558c3ae85526f84510aa2b48ab2ad7bdd899e2e0f5b7a8ffc85acb3a6043a",
    "https://deno.land/std@0.148.0/bytes/mod.ts": "763f97d33051cc3f28af1a688dfe2830841192a9fea0cbaa55f927b49d49d0bf",
    "https://deno.land/std@0.153.0/hash/sha256.ts": "aa9479c260f41b72c639f36c3e4bc9319940b5d2e52fe793ebe3dc646d12832f",
    "https://deno.land/x/lucid@0.7.6/mod.ts": "9473507398048cb24dbb37b3a220777106c69c28d573898648deb2bb84a7e131",
    "https://deno.land/x/lucid@0.7.6/src/core/core.ts": "c214a914415096a6b53c65bee529ce32236e05b448366afc3e8514cbb1b5a2d2",
    "https://deno.land/x/lucid@0.7.6/src/core/mod.ts": "978b94101791fdad3113e5a9fa3813b1f48a8e505f68da14bcad72668b294926",
    "https://deno.land/x/lucid@0.7.6/src/core/wasm_modules/cardano_message_signing_nodejs/cardano_message_signing.js": "022d52b920a850b1879dd7fd8c137a4e1cabd54d28d7d94ecdfa9ccfd7d738f3",
    "https://deno.land/x/lucid@0.7.6/src/core/wasm_modules/cardano_message_signing_web/cardano_message_signing.js": "a51c37fa6645441fe69115b0cc14434a034f099bdb6c242a8c15a6625b17f3fa",
    "https://deno.land/x/lucid@0.7.6/src/core/wasm_modules/cardano_multiplatform_lib_nodejs/cardano_multiplatform_lib.js": "d7b248db50be93f2e1662f27e01f9e5ead9cd8b7806a997a0a6d1d2e2aeccfe8",
    "https://deno.land/x/lucid@0.7.6/src/core/wasm_modules/cardano_multiplatform_lib_web/cardano_multiplatform_lib.js": "727d6f8b86cc8ccce1c4a8b98a3c542e0e33c0ce7171e7aaa9326a33fdc74a97",
    "https://deno.land/x/lucid@0.7.6/src/lucid/lucid.ts": "0969f6124aecd9e97bdf1bdddaa1827c0e49ae3cad2b53c57033456b70ce7688",
    "https://deno.land/x/lucid@0.7.6/src/lucid/message.ts": "b16bb7c06cbc81c777ac116d95db32959af42bc093ebe86b65f2dbc28b75f9b2",
    "https://deno.land/x/lucid@0.7.6/src/lucid/mod.ts": "94bfe48ee683e932a67347786a1253a2e7277e53b1dc192d045d70bc5ce9bc10",
    "https://deno.land/x/lucid@0.7.6/src/lucid/tx.ts": "befe38736cfd0ede1af8ad58bbcde5dbadfaf09b59064ba515d3faebead402f4",
    "https://deno.land/x/lucid@0.7.6/src/lucid/tx_complete.ts": "0ccc5f7db9809868612409e79447cbaed9367b290cc82a865ff53d78362aff8f",
    "https://deno.land/x/lucid@0.7.6/src/lucid/tx_signed.ts": "42f6f5f09844f8cf6dc2381935f9edfa54a019fa48530a64af281571ae84abb9",
    "https://deno.land/x/lucid@0.7.6/src/misc/bip39.ts": "7dc0f49f96d43a254a048a956cac31ef8c8045f69f3b8dbc5350bc6c601441eb",
    "https://deno.land/x/lucid@0.7.6/src/misc/crc8.ts": "c9abda52851d5c575f6a8714c3600d2e63bb8cfc942e035486b1ab03b780e2f9",
    "https://deno.land/x/lucid@0.7.6/src/misc/sign_data.ts": "6f5066d19455ade77615b5cbbf5dd9947ea691a7b764f96c81ba911cc84183e5",
    "https://deno.land/x/lucid@0.7.6/src/misc/wallet.ts": "c2ec3c776f43d160d0c4ffc19a8df9a936fe67701e8320e4a88f5167abdafa6c",
    "https://deno.land/x/lucid@0.7.6/src/mod.ts": "f4156883dc0dc394e9fd9e9e7222537a61ff8b2781a88761d7bcb65123a16bcf",
    "https://deno.land/x/lucid@0.7.6/src/plutus/data.ts": "219be8a1a98efb1c289601b5276f2917604c86bced5ed65131f9084297e16c61",
    "https://deno.land/x/lucid@0.7.6/src/plutus/mod.ts": "3a7f784e950348d447cd6bcb27546b20902fae167e04fd42e67bfad57216e1a7",
    "https://deno.land/x/lucid@0.7.6/src/plutus/time.ts": "431677f332dbf8d16199c40a1283659195e4a95569bc5adcf0ab2b23f0301490",
    "https://deno.land/x/lucid@0.7.6/src/provider/blockfrost.ts": "5b086bb57bc5f5163a58b2ea66659fe685c05726e53d5f78d70ea1e77ac2b613",
    "https://deno.land/x/lucid@0.7.6/src/provider/kupmios.ts": "55c7dad8add1f99ad4ca2b4190f86539397b1a61ea21abf21d4cffca62dbea7c",
    "https://deno.land/x/lucid@0.7.6/src/provider/mod.ts": "6b21a3843e963a7cb1eb3dd8a67025d338c2841f77a0a22a46c55a6615a8389d",
    "https://deno.land/x/lucid@0.7.6/src/types/global.ts": "fa48427028369e65576c344437831826b946ed4c5c87a060ace0f34211d5fe6a",
    "https://deno.land/x/lucid@0.7.6/src/types/mod.ts": "2e6e4ffd7077025d1b45af726756455fc9c915666dd7f23a041be058039b49c6",
    "https://deno.land/x/lucid@0.7.6/src/types/types.ts": "bb3e9ee908b07622276db428fe0c1daa9f51d2ed6accae74af0acdb66a9e1cbd",
    "https://deno.land/x/lucid@0.7.6/src/utils/cost_model.ts": "07845104351374bb3e54fee01c99738a7cce608731e9240ae9c2e7789b13a400",
    "https://deno.land/x/lucid@0.7.6/src/utils/merkle_tree.ts": "af39a9167eb8b083a19a980916c95ab40332e959ef20bc43fdfef69eef08e594",
    "https://deno.land/x/lucid@0.7.6/src/utils/mod.ts": "7e405bfa0db96d9e995e67fb77251e8465843addf141caf4ce64b3efa6077822",
    "https://deno.land/x/lucid@0.7.6/src/utils/utils.ts": "ed25304eaed0d1ae85e0780383439e283004087dd1bb39336897df1417dc2b08"
  }
}
